// !$*UTF8*$!
{
	archiveVersion = 1;
	classes = {
	};
	objectVersion = 55;
	objects = {

/* Begin PBXBuildFile section */
		38169D18285FD26100FD4127 /* Node.cpp in Sources */ = {isa = PBXBuildFile; fileRef = 38169D14285FD26100FD4127 /* Node.cpp */; };
		38169D19285FD26100FD4127 /* SuppPt.cpp in Sources */ = {isa = PBXBuildFile; fileRef = 38169D16285FD26100FD4127 /* SuppPt.cpp */; };
		382520DD2832E29000CF1AEA /* main.cpp in Sources */ = {isa = PBXBuildFile; fileRef = 382520DC2832E29000CF1AEA /* main.cpp */; };
		38D38680283434C500BBFD0F /* libgurobi_c++.a in Frameworks */ = {isa = PBXBuildFile; fileRef = 38D3867F283434C500BBFD0F /* libgurobi_c++.a */; };
		38D38683283434DC00BBFD0F /* libgurobi95.dylib in Frameworks */ = {isa = PBXBuildFile; fileRef = 38D38682283434DC00BBFD0F /* libgurobi95.dylib */; };
		38D38684283434DC00BBFD0F /* libgurobi95.dylib in Embed Libraries */ = {isa = PBXBuildFile; fileRef = 38D38682283434DC00BBFD0F /* libgurobi95.dylib */; settings = {ATTRIBUTES = (CodeSignOnCopy, ); }; };
/* End PBXBuildFile section */

/* Begin PBXCopyFilesBuildPhase section */
		382520D72832E29000CF1AEA /* CopyFiles */ = {
			isa = PBXCopyFilesBuildPhase;
			buildActionMask = 2147483647;
			dstPath = /usr/share/man/man1/;
			dstSubfolderSpec = 0;
			files = (
			);
			runOnlyForDeploymentPostprocessing = 1;
		};
		38D38685283434DC00BBFD0F /* Embed Libraries */ = {
			isa = PBXCopyFilesBuildPhase;
			buildActionMask = 2147483647;
			dstPath = "";
			dstSubfolderSpec = 10;
			files = (
				38D38684283434DC00BBFD0F /* libgurobi95.dylib in Embed Libraries */,
			);
			name = "Embed Libraries";
			runOnlyForDeploymentPostprocessing = 0;
		};
/* End PBXCopyFilesBuildPhase section */

/* Begin PBXFileReference section */
		38169D13285FD26100FD4127 /* DenverCrime.csv */ = {isa = PBXFileReference; fileEncoding = 4; lastKnownFileType = text; path = DenverCrime.csv; sourceTree = "<group>"; };
		38169D14285FD26100FD4127 /* Node.cpp */ = {isa = PBXFileReference; fileEncoding = 4; lastKnownFileType = sourcecode.cpp.cpp; path = Node.cpp; sourceTree = "<group>"; };
		38169D15285FD26100FD4127 /* SuppPt.hpp */ = {isa = PBXFileReference; fileEncoding = 4; lastKnownFileType = sourcecode.cpp.h; path = SuppPt.hpp; sourceTree = "<group>"; };
		38169D16285FD26100FD4127 /* SuppPt.cpp */ = {isa = PBXFileReference; fileEncoding = 4; lastKnownFileType = sourcecode.cpp.cpp; path = SuppPt.cpp; sourceTree = "<group>"; };
		38169D17285FD26100FD4127 /* Node.hpp */ = {isa = PBXFileReference; fileEncoding = 4; lastKnownFileType = sourcecode.cpp.h; path = Node.hpp; sourceTree = "<group>"; };
		382520D92832E29000CF1AEA /* PricingIP_BB */ = {isa = PBXFileReference; explicitFileType = "compiled.mach-o.executable"; includeInIndex = 0; path = PricingIP_BB; sourceTree = BUILT_PRODUCTS_DIR; };
		382520DC2832E29000CF1AEA /* main.cpp */ = {isa = PBXFileReference; lastKnownFileType = sourcecode.cpp.cpp; path = main.cpp; sourceTree = "<group>"; };
		38D3867F283434C500BBFD0F /* libgurobi_c++.a */ = {isa = PBXFileReference; lastKnownFileType = archive.ar; name = "libgurobi_c++.a"; path = "../../../../../Library/gurobi951/macos_universal2/lib/libgurobi_c++.a"; sourceTree = "<group>"; };
		38D38682283434DC00BBFD0F /* libgurobi95.dylib */ = {isa = PBXFileReference; lastKnownFileType = "compiled.mach-o.dylib"; name = libgurobi95.dylib; path = ../../../../../Library/gurobi951/macos_universal2/lib/libgurobi95.dylib; sourceTree = "<group>"; };
/* End PBXFileReference section */

/* Begin PBXFrameworksBuildPhase section */
		382520D62832E29000CF1AEA /* Frameworks */ = {
			isa = PBXFrameworksBuildPhase;
			buildActionMask = 2147483647;
			files = (
				38D38683283434DC00BBFD0F /* libgurobi95.dylib in Frameworks */,
				38D38680283434C500BBFD0F /* libgurobi_c++.a in Frameworks */,
			);
			runOnlyForDeploymentPostprocessing = 0;
		};
/* End PBXFrameworksBuildPhase section */

/* Begin PBXGroup section */
		382520D02832E29000CF1AEA = {
			isa = PBXGroup;
			children = (
				38D3867F283434C500BBFD0F /* libgurobi_c++.a */,
				382520DB2832E29000CF1AEA /* PricingIP_BB */,
				382520DA2832E29000CF1AEA /* Products */,
				38D38681283434DC00BBFD0F /* Frameworks */,
			);
			sourceTree = "<group>";
		};
		382520DA2832E29000CF1AEA /* Products */ = {
			isa = PBXGroup;
			children = (
				382520D92832E29000CF1AEA /* PricingIP_BB */,
			);
			name = Products;
			sourceTree = "<group>";
		};
		382520DB2832E29000CF1AEA /* PricingIP_BB */ = {
			isa = PBXGroup;
			children = (
				38169D13285FD26100FD4127 /* DenverCrime.csv */,
				38169D14285FD26100FD4127 /* Node.cpp */,
				38169D17285FD26100FD4127 /* Node.hpp */,
				38169D16285FD26100FD4127 /* SuppPt.cpp */,
				38169D15285FD26100FD4127 /* SuppPt.hpp */,
				382520DC2832E29000CF1AEA /* main.cpp */,
			);
			path = PricingIP_BB;
			sourceTree = "<group>";
		};
		38D38681283434DC00BBFD0F /* Frameworks */ = {
			isa = PBXGroup;
			children = (
				38D38682283434DC00BBFD0F /* libgurobi95.dylib */,
			);
			name = Frameworks;
			sourceTree = "<group>";
		};
/* End PBXGroup section */

/* Begin PBXNativeTarget section */
		382520D82832E29000CF1AEA /* PricingIP_BB */ = {
			isa = PBXNativeTarget;
			buildConfigurationList = 382520E02832E29000CF1AEA /* Build configuration list for PBXNativeTarget "PricingIP_BB" */;
			buildPhases = (
				382520D52832E29000CF1AEA /* Sources */,
				382520D62832E29000CF1AEA /* Frameworks */,
				382520D72832E29000CF1AEA /* CopyFiles */,
				38D38685283434DC00BBFD0F /* Embed Libraries */,
			);
			buildRules = (
			);
			dependencies = (
			);
			name = PricingIP_BB;
			productName = PricingIP_BB;
			productReference = 382520D92832E29000CF1AEA /* PricingIP_BB */;
			productType = "com.apple.product-type.tool";
		};
/* End PBXNativeTarget section */

/* Begin PBXProject section */
		382520D12832E29000CF1AEA /* Project object */ = {
			isa = PBXProject;
			attributes = {
				BuildIndependentTargetsInParallel = 1;
				LastUpgradeCheck = 1320;
				TargetAttributes = {
					382520D82832E29000CF1AEA = {
						CreatedOnToolsVersion = 13.2.1;
					};
				};
			};
			buildConfigurationList = 382520D42832E29000CF1AEA /* Build configuration list for PBXProject "PricingIP_BB" */;
			compatibilityVersion = "Xcode 13.0";
			developmentRegion = en;
			hasScannedForEncodings = 0;
			knownRegions = (
				en,
				Base,
			);
			mainGroup = 382520D02832E29000CF1AEA;
			productRefGroup = 382520DA2832E29000CF1AEA /* Products */;
			projectDirPath = "";
			projectRoot = "";
			targets = (
				382520D82832E29000CF1AEA /* PricingIP_BB */,
			);
		};
/* End PBXProject section */

/* Begin PBXSourcesBuildPhase section */
		382520D52832E29000CF1AEA /* Sources */ = {
			isa = PBXSourcesBuildPhase;
			buildActionMask = 2147483647;
			files = (
				382520DD2832E29000CF1AEA /* main.cpp in Sources */,
				38169D19285FD26100FD4127 /* SuppPt.cpp in Sources */,
				38169D18285FD26100FD4127 /* Node.cpp in Sources */,
			);
			runOnlyForDeploymentPostprocessing = 0;
		};
/* End PBXSourcesBuildPhase section */

/* Begin XCBuildConfiguration section */
		382520DE2832E29000CF1AEA /* Debug */ = {
			isa = XCBuildConfiguration;
			buildSettings = {
				ALWAYS_SEARCH_USER_PATHS = NO;
				CLANG_ANALYZER_NONNULL = YES;
				CLANG_ANALYZER_NUMBER_OBJECT_CONVERSION = YES_AGGRESSIVE;
				CLANG_CXX_LANGUAGE_STANDARD = "gnu++17";
				CLANG_CXX_LIBRARY = "libc++";
				CLANG_ENABLE_MODULES = YES;
				CLANG_ENABLE_OBJC_ARC = YES;
				CLANG_ENABLE_OBJC_WEAK = YES;
				CLANG_WARN_BLOCK_CAPTURE_AUTORELEASING = YES;
				CLANG_WARN_BOOL_CONVERSION = YES;
				CLANG_WARN_COMMA = YES;
				CLANG_WARN_CONSTANT_CONVERSION = YES;
				CLANG_WARN_DEPRECATED_OBJC_IMPLEMENTATIONS = YES;
				CLANG_WARN_DIRECT_OBJC_ISA_USAGE = YES_ERROR;
				CLANG_WARN_DOCUMENTATION_COMMENTS = YES;
				CLANG_WARN_EMPTY_BODY = YES;
				CLANG_WARN_ENUM_CONVERSION = YES;
				CLANG_WARN_INFINITE_RECURSION = YES;
				CLANG_WARN_INT_CONVERSION = YES;
				CLANG_WARN_NON_LITERAL_NULL_CONVERSION = YES;
				CLANG_WARN_OBJC_IMPLICIT_RETAIN_SELF = YES;
				CLANG_WARN_OBJC_LITERAL_CONVERSION = YES;
				CLANG_WARN_OBJC_ROOT_CLASS = YES_ERROR;
				CLANG_WARN_QUOTED_INCLUDE_IN_FRAMEWORK_HEADER = YES;
				CLANG_WARN_RANGE_LOOP_ANALYSIS = YES;
				CLANG_WARN_STRICT_PROTOTYPES = YES;
				CLANG_WARN_SUSPICIOUS_MOVE = YES;
				CLANG_WARN_UNGUARDED_AVAILABILITY = YES_AGGRESSIVE;
				CLANG_WARN_UNREACHABLE_CODE = YES;
				CLANG_WARN__DUPLICATE_METHOD_MATCH = YES;
				COPY_PHASE_STRIP = NO;
				DEBUG_INFORMATION_FORMAT = dwarf;
				ENABLE_STRICT_OBJC_MSGSEND = YES;
				ENABLE_TESTABILITY = YES;
				GCC_C_LANGUAGE_STANDARD = gnu11;
				GCC_DYNAMIC_NO_PIC = NO;
				GCC_NO_COMMON_BLOCKS = YES;
				GCC_OPTIMIZATION_LEVEL = 0;
				GCC_PREPROCESSOR_DEFINITIONS = (
					"DEBUG=1",
					"$(inherited)",
				);
				GCC_WARN_64_TO_32_BIT_CONVERSION = YES;
				GCC_WARN_ABOUT_RETURN_TYPE = YES_ERROR;
				GCC_WARN_UNDECLARED_SELECTOR = YES;
				GCC_WARN_UNINITIALIZED_AUTOS = YES_AGGRESSIVE;
				GCC_WARN_UNUSED_FUNCTION = YES;
				GCC_WARN_UNUSED_VARIABLE = YES;
				MACOSX_DEPLOYMENT_TARGET = 11.6;
				MTL_ENABLE_DEBUG_INFO = INCLUDE_SOURCE;
				MTL_FAST_MATH = YES;
				ONLY_ACTIVE_ARCH = YES;
				SDKROOT = macosx;
			};
			name = Debug;
		};
		382520DF2832E29000CF1AEA /* Release */ = {
			isa = XCBuildConfiguration;
			buildSettings = {
				ALWAYS_SEARCH_USER_PATHS = NO;
				CLANG_ANALYZER_NONNULL = YES;
				CLANG_ANALYZER_NUMBER_OBJECT_CONVERSION = YES_AGGRESSIVE;
				CLANG_CXX_LANGUAGE_STANDARD = "gnu++17";
				CLANG_CXX_LIBRARY = "libc++";
				CLANG_ENABLE_MODULES = YES;
				CLANG_ENABLE_OBJC_ARC = YES;
				CLANG_ENABLE_OBJC_WEAK = YES;
				CLANG_WARN_BLOCK_CAPTURE_AUTORELEASING = YES;
				CLANG_WARN_BOOL_CONVERSION = YES;
				CLANG_WARN_COMMA = YES;
				CLANG_WARN_CONSTANT_CONVERSION = YES;
				CLANG_WARN_DEPRECATED_OBJC_IMPLEMENTATIONS = YES;
				CLANG_WARN_DIRECT_OBJC_ISA_USAGE = YES_ERROR;
				CLANG_WARN_DOCUMENTATION_COMMENTS = YES;
				CLANG_WARN_EMPTY_BODY = YES;
				CLANG_WARN_ENUM_CONVERSION = YES;
				CLANG_WARN_INFINITE_RECURSION = YES;
				CLANG_WARN_INT_CONVERSION = YES;
				CLANG_WARN_NON_LITERAL_NULL_CONVERSION = YES;
				CLANG_WARN_OBJC_IMPLICIT_RETAIN_SELF = YES;
				CLANG_WARN_OBJC_LITERAL_CONVERSION = YES;
				CLANG_WARN_OBJC_ROOT_CLASS = YES_ERROR;
				CLANG_WARN_QUOTED_INCLUDE_IN_FRAMEWORK_HEADER = YES;
				CLANG_WARN_RANGE_LOOP_ANALYSIS = YES;
				CLANG_WARN_STRICT_PROTOTYPES = YES;
				CLANG_WARN_SUSPICIOUS_MOVE = YES;
				CLANG_WARN_UNGUARDED_AVAILABILITY = YES_AGGRESSIVE;
				CLANG_WARN_UNREACHABLE_CODE = YES;
				CLANG_WARN__DUPLICATE_METHOD_MATCH = YES;
				COPY_PHASE_STRIP = NO;
				DEBUG_INFORMATION_FORMAT = "dwarf-with-dsym";
				ENABLE_NS_ASSERTIONS = NO;
				ENABLE_STRICT_OBJC_MSGSEND = YES;
				GCC_C_LANGUAGE_STANDARD = gnu11;
				GCC_NO_COMMON_BLOCKS = YES;
				GCC_WARN_64_TO_32_BIT_CONVERSION = YES;
				GCC_WARN_ABOUT_RETURN_TYPE = YES_ERROR;
				GCC_WARN_UNDECLARED_SELECTOR = YES;
				GCC_WARN_UNINITIALIZED_AUTOS = YES_AGGRESSIVE;
				GCC_WARN_UNUSED_FUNCTION = YES;
				GCC_WARN_UNUSED_VARIABLE = YES;
				MACOSX_DEPLOYMENT_TARGET = 11.6;
				MTL_ENABLE_DEBUG_INFO = NO;
				MTL_FAST_MATH = YES;
				SDKROOT = macosx;
			};
			name = Release;
		};
		382520E12832E29000CF1AEA /* Debug */ = {
			isa = XCBuildConfiguration;
			buildSettings = {
				CODE_SIGN_STYLE = Automatic;
				LIBRARY_SEARCH_PATHS = (
					"$(inherited)",
					"$(LOCAL_LIBRARY_DIR)/gurobi951/macos_universal2/lib",
				);
				PRODUCT_NAME = "$(TARGET_NAME)";
			};
			name = Debug;
		};
		382520E22832E29000CF1AEA /* Release */ = {
			isa = XCBuildConfiguration;
			buildSettings = {
				CODE_SIGN_STYLE = Automatic;
				LIBRARY_SEARCH_PATHS = (
					"$(inherited)",
					"$(LOCAL_LIBRARY_DIR)/gurobi951/macos_universal2/lib",
				);
				PRODUCT_NAME = "$(TARGET_NAME)";
			};
			name = Release;
		};
/* End XCBuildConfiguration section */

/* Begin XCConfigurationList section */
		382520D42832E29000CF1AEA /* Build configuration list for PBXProject "PricingIP_BB" */ = {
			isa = XCConfigurationList;
			buildConfigurations = (
				382520DE2832E29000CF1AEA /* Debug */,
				382520DF2832E29000CF1AEA /* Release */,
			);
			defaultConfigurationIsVisible = 0;
			defaultConfigurationName = Release;
		};
		382520E02832E29000CF1AEA /* Build configuration list for PBXNativeTarget "PricingIP_BB" */ = {
			isa = XCConfigurationList;
			buildConfigurations = (
				382520E12832E29000CF1AEA /* Debug */,
				382520E22832E29000CF1AEA /* Release */,
			);
			defaultConfigurationIsVisible = 0;
			defaultConfigurationName = Release;
		};
/* End XCConfigurationList section */
	};
	rootObject = 382520D12832E29000CF1AEA /* Project object */;
}
